
Microsoft Visual Studio Solution File, Format Version 12.00
# Visual Studio Version 17
VisualStudioVersion = 17.10.34902.84
MinimumVisualStudioVersion = 10.0.40219.1
Project("{9A19103F-16F7-4668-BE54-9A1E7A4F7556}") = "RSAllies", "RSAllies\RSAllies.csproj", "{4BF33BB3-6A47-477C-A433-50B79162D6AF}"
EndProject
Global
	GlobalSection(SolutionConfigurationPlatforms) = preSolution
		Debug|Any CPU = Debug|Any CPU
		Release|Any CPU = Release|Any CPU
	EndGlobalSection
	GlobalSection(ProjectConfigurationPlatforms) = postSolution
		{4BF33BB3-6A47-477C-A433-50B79162D6AF}.Debug|Any CPU.ActiveCfg = Debug|Any CPU
		{4BF33BB3-6A47-477C-A433-50B79162D6AF}.Debug|Any CPU.Build.0 = Debug|Any CPU
		{4BF33BB3-6A47-477C-A433-50B79162D6AF}.Release|Any CPU.ActiveCfg = Release|Any CPU
		{4BF33BB3-6A47-477C-A433-50B79162D6AF}.Release|Any CPU.Build.0 = Release|Any CPU
	EndGlobalSection
	GlobalSection(SolutionProperties) = preSolution
		HideSolutionNode = FALSE
	EndGlobalSection
	GlobalSection(ExtensibilityGlobals) = postSolution
		SolutionGuid = {BE77D8F6-9532-47AF-9794-D199EC548735}
	EndGlobalSection
EndGlobal
